// !$*UTF8*$!
{
	archiveVersion = 1;
	classes = {
	};
	objectVersion = 46;
	objects = {

/* Begin PBXBuildFile section */
		4575F5101A0B7CCA00C923AF /* main.m in Sources */ = {isa = PBXBuildFile; fileRef = 4575F50F1A0B7CCA00C923AF /* main.m */; };
		4575F5131A0B7CCA00C923AF /* AppDelegate.m in Sources */ = {isa = PBXBuildFile; fileRef = 4575F5121A0B7CCA00C923AF /* AppDelegate.m */; };
		4575F51E1A0B7CCA00C923AF /* Images.xcassets in Resources */ = {isa = PBXBuildFile; fileRef = 4575F51D1A0B7CCA00C923AF /* Images.xcassets */; };
		4575F52D1A0B7CCA00C923AF /* UIViewControllerDemoTests.m in Sources */ = {isa = PBXBuildFile; fileRef = 4575F52C1A0B7CCA00C923AF /* UIViewControllerDemoTests.m */; };
		4575F5391A0B7CF200C923AF /* TestViewController.m in Sources */ = {isa = PBXBuildFile; fileRef = 4575F5371A0B7CF200C923AF /* TestViewController.m */; };
		4575F53A1A0B7CF200C923AF /* TestViewController.xib in Resources */ = {isa = PBXBuildFile; fileRef = 4575F5381A0B7CF200C923AF /* TestViewController.xib */; };
/* End PBXBuildFile section */

/* Begin PBXContainerItemProxy section */
		4575F5271A0B7CCA00C923AF /* PBXContainerItemProxy */ = {
			isa = PBXContainerItemProxy;
			containerPortal = 4575F5021A0B7CCA00C923AF /* Project object */;
			proxyType = 1;
			remoteGlobalIDString = 4575F5091A0B7CCA00C923AF;
			remoteInfo = UIViewControllerDemo;
		};
/* End PBXContainerItemProxy section */

/* Begin PBXFileReference section */
		4575F50A1A0B7CCA00C923AF /* UIViewControllerDemo.app */ = {isa = PBXFileReference; explicitFileType = wrapper.application; includeInIndex = 0; path = UIViewControllerDemo.app; sourceTree = BUILT_PRODUCTS_DIR; };
		4575F50E1A0B7CCA00C923AF /* Info.plist */ = {isa = PBXFileReference; lastKnownFileType = text.plist.xml; path = Info.plist; sourceTree = "<group>"; };
		4575F50F1A0B7CCA00C923AF /* main.m */ = {isa = PBXFileReference; lastKnownFileType = sourcecode.c.objc; path = main.m; sourceTree = "<group>"; };
		4575F5111A0B7CCA00C923AF /* AppDelegate.h */ = {isa = PBXFileReference; lastKnownFileType = sourcecode.c.h; path = AppDelegate.h; sourceTree = "<group>"; };
		4575F5121A0B7CCA00C923AF /* AppDelegate.m */ = {isa = PBXFileReference; lastKnownFileType = sourcecode.c.objc; path = AppDelegate.m; sourceTree = "<group>"; };
		4575F51D1A0B7CCA00C923AF /* Images.xcassets */ = {isa = PBXFileReference; lastKnownFileType = folder.assetcatalog; path = Images.xcassets; sourceTree = "<group>"; };
		4575F5261A0B7CCA00C923AF /* UIViewControllerDemoTests.xctest */ = {isa = PBXFileReference; explicitFileType = wrapper.cfbundle; includeInIndex = 0; path = UIViewControllerDemoTests.xctest; sourceTree = BUILT_PRODUCTS_DIR; };
		4575F52B1A0B7CCA00C923AF /* Info.plist */ = {isa = PBXFileReference; lastKnownFileType = text.plist.xml; path = Info.plist; sourceTree = "<group>"; };
		4575F52C1A0B7CCA00C923AF /* UIViewControllerDemoTests.m */ = {isa = PBXFileReference; lastKnownFileType = sourcecode.c.objc; path = UIViewControllerDemoTests.m; sourceTree = "<group>"; };
		4575F5361A0B7CF200C923AF /* TestViewController.h */ = {isa = PBXFileReference; fileEncoding = 4; lastKnownFileType = sourcecode.c.h; path = TestViewController.h; sourceTree = "<group>"; };
		4575F5371A0B7CF200C923AF /* TestViewController.m */ = {isa = PBXFileReference; fileEncoding = 4; lastKnownFileType = sourcecode.c.objc; path = TestViewController.m; sourceTree = "<group>"; };
		4575F5381A0B7CF200C923AF /* TestViewController.xib */ = {isa = PBXFileReference; fileEncoding = 4; lastKnownFileType = file.xib; path = TestViewController.xib; sourceTree = "<group>"; };
/* End PBXFileReference section */

/* Begin PBXFrameworksBuildPhase section */
		4575F5071A0B7CCA00C923AF /* Frameworks */ = {
			isa = PBXFrameworksBuildPhase;
			buildActionMask = 2147483647;
			files = (
			);
			runOnlyForDeploymentPostprocessing = 0;
		};
		4575F5231A0B7CCA00C923AF /* Frameworks */ = {
			isa = PBXFrameworksBuildPhase;
			buildActionMask = 2147483647;
			files = (
			);
			runOnlyForDeploymentPostprocessing = 0;
		};
/* End PBXFrameworksBuildPhase section */

/* Begin PBXGroup section */
		4575F5011A0B7CCA00C923AF = {
			isa = PBXGroup;
			children = (
				4575F50C1A0B7CCA00C923AF /* UIViewControllerDemo */,
				4575F5291A0B7CCA00C923AF /* UIViewControllerDemoTests */,
				4575F50B1A0B7CCA00C923AF /* Products */,
			);
			sourceTree = "<group>";
		};
		4575F50B1A0B7CCA00C923AF /* Products */ = {
			isa = PBXGroup;
			children = (
				4575F50A1A0B7CCA00C923AF /* UIViewControllerDemo.app */,
				4575F5261A0B7CCA00C923AF /* UIViewControllerDemoTests.xctest */,
			);
			name = Products;
			sourceTree = "<group>";
		};
		4575F50C1A0B7CCA00C923AF /* UIViewControllerDemo */ = {
			isa = PBXGroup;
			children = (
				4575F5361A0B7CF200C923AF /* TestViewController.h */,
				4575F5371A0B7CF200C923AF /* TestViewController.m */,
				4575F5381A0B7CF200C923AF /* TestViewController.xib */,
				4575F5111A0B7CCA00C923AF /* AppDelegate.h */,
				4575F5121A0B7CCA00C923AF /* AppDelegate.m */,
				4575F51D1A0B7CCA00C923AF /* Images.xcassets */,
				4575F50D1A0B7CCA00C923AF /* Supporting Files */,
			);
			path = UIViewControllerDemo;
			sourceTree = "<group>";
		};
		4575F50D1A0B7CCA00C923AF /* Supporting Files */ = {
			isa = PBXGroup;
			children = (
				4575F50E1A0B7CCA00C923AF /* Info.plist */,
				4575F50F1A0B7CCA00C923AF /* main.m */,
			);
			name = "Supporting Files";
			sourceTree = "<group>";
		};
		4575F5291A0B7CCA00C923AF /* UIViewControllerDemoTests */ = {
			isa = PBXGroup;
			children = (
				4575F52C1A0B7CCA00C923AF /* UIViewControllerDemoTests.m */,
				4575F52A1A0B7CCA00C923AF /* Supporting Files */,
			);
			path = UIViewControllerDemoTests;
			sourceTree = "<group>";
		};
		4575F52A1A0B7CCA00C923AF /* Supporting Files */ = {
			isa = PBXGroup;
			children = (
				4575F52B1A0B7CCA00C923AF /* Info.plist */,
			);
			name = "Supporting Files";
			sourceTree = "<group>";
		};
/* End PBXGroup section */

/* Begin PBXNativeTarget section */
		4575F5091A0B7CCA00C923AF /* UIViewControllerDemo */ = {
			isa = PBXNativeTarget;
			buildConfigurationList = 4575F5301A0B7CCA00C923AF /* Build configuration list for PBXNativeTarget "UIViewControllerDemo" */;
			buildPhases = (
				4575F5061A0B7CCA00C923AF /* Sources */,
				4575F5071A0B7CCA00C923AF /* Frameworks */,
				4575F5081A0B7CCA00C923AF /* Resources */,
			);
			buildRules = (
			);
			dependencies = (
			);
			name = UIViewControllerDemo;
			productName = UIViewControllerDemo;
			productReference = 4575F50A1A0B7CCA00C923AF /* UIViewControllerDemo.app */;
			productType = "com.apple.product-type.application";
		};
		4575F5251A0B7CCA00C923AF /* UIViewControllerDemoTests */ = {
			isa = PBXNativeTarget;
			buildConfigurationList = 4575F5331A0B7CCA00C923AF /* Build configuration list for PBXNativeTarget "UIViewControllerDemoTests" */;
			buildPhases = (
				4575F5221A0B7CCA00C923AF /* Sources */,
				4575F5231A0B7CCA00C923AF /* Frameworks */,
				4575F5241A0B7CCA00C923AF /* Resources */,
			);
			buildRules = (
			);
			dependencies = (
				4575F5281A0B7CCA00C923AF /* PBXTargetDependency */,
			);
			name = UIViewControllerDemoTests;
			productName = UIViewControllerDemoTests;
			productReference = 4575F5261A0B7CCA00C923AF /* UIViewControllerDemoTests.xctest */;
			productType = "com.apple.product-type.bundle.unit-test";
		};
/* End PBXNativeTarget section */

/* Begin PBXProject section */
		4575F5021A0B7CCA00C923AF /* Project object */ = {
			isa = PBXProject;
			attributes = {
				LastUpgradeCheck = 0610;
				ORGANIZATIONNAME = boyce;
				TargetAttributes = {
					4575F5091A0B7CCA00C923AF = {
						CreatedOnToolsVersion = 6.1;
					};
					4575F5251A0B7CCA00C923AF = {
						CreatedOnToolsVersion = 6.1;
						TestTargetID = 4575F5091A0B7CCA00C923AF;
					};
				};
			};
			buildConfigurationList = 4575F5051A0B7CCA00C923AF /* Build configuration list for PBXProject "UIViewControllerDemo" */;
			compatibilityVersion = "Xcode 3.2";
			developmentRegion = English;
			hasScannedForEncodings = 0;
			knownRegions = (
				en,
				Base,
			);
			mainGroup = 4575F5011A0B7CCA00C923AF;
			productRefGroup = 4575F50B1A0B7CCA00C923AF /* Products */;
			projectDirPath = "";
			projectRoot = "";
			targets = (
				4575F5091A0B7CCA00C923AF /* UIViewControllerDemo */,
				4575F5251A0B7CCA00C923AF /* UIViewControllerDemoTests */,
			);
		};
/* End PBXProject section */

/* Begin PBXResourcesBuildPhase section */
		4575F5081A0B7CCA00C923AF /* Resources */ = {
			isa = PBXResourcesBuildPhase;
			buildActionMask = 2147483647;
			files = (
				4575F53A1A0B7CF200C923AF /* TestViewController.xib in Resources */,
				4575F51E1A0B7CCA00C923AF /* Images.xcassets in Resources */,
			);
			runOnlyForDeploymentPostprocessing = 0;
		};
		4575F5241A0B7CCA00C923AF /* Resources */ = {
			isa = PBXResourcesBuildPhase;
			buildActionMask = 2147483647;
			files = (
			);
			runOnlyForDeploymentPostprocessing = 0;
		};
/* End PBXResourcesBuildPhase section */

/* Begin PBXSourcesBuildPhase section */
		4575F5061A0B7CCA00C923AF /* Sources */ = {
			isa = PBXSourcesBuildPhase;
			buildActionMask = 2147483647;
			files = (
				4575F5131A0B7CCA00C923AF /* AppDelegate.m in Sources */,
				4575F5101A0B7CCA00C923AF /* main.m in Sources */,
				4575F5391A0B7CF200C923AF /* TestViewController.m in Sources */,
			);
			runOnlyForDeploymentPostprocessing = 0;
		};
		4575F5221A0B7CCA00C923AF /* Sources */ = {
			isa = PBXSourcesBuildPhase;
			buildActionMask = 2147483647;
			files = (
				4575F52D1A0B7CCA00C923AF /* UIViewControllerDemoTests.m in Sources */,
			);
			runOnlyForDeploymentPostprocessing = 0;
		};
/* End PBXSourcesBuildPhase section */

/* Begin PBXTargetDependency section */
		4575F5281A0B7CCA00C923AF /* PBXTargetDependency */ = {
			isa = PBXTargetDependency;
			target = 4575F5091A0B7CCA00C923AF /* UIViewControllerDemo */;
			targetProxy = 4575F5271A0B7CCA00C923AF /* PBXContainerItemProxy */;
		};
/* End PBXTargetDependency section */

/* Begin XCBuildConfiguration section */
		4575F52E1A0B7CCA00C923AF /* Debug */ = {
			isa = XCBuildConfiguration;
			buildSettings = {
				ALWAYS_SEARCH_USER_PATHS = NO;
				CLANG_CXX_LANGUAGE_STANDARD = "gnu++0x";
				CLANG_CXX_LIBRARY = "libc++";
				CLANG_ENABLE_MODULES = YES;
				CLANG_ENABLE_OBJC_ARC = YES;
				CLANG_WARN_BOOL_CONVERSION = YES;
				CLANG_WARN_CONSTANT_CONVERSION = YES;
				CLANG_WARN_DIRECT_OBJC_ISA_USAGE = YES_ERROR;
				CLANG_WARN_EMPTY_BODY = YES;
				CLANG_WARN_ENUM_CONVERSION = YES;
				CLANG_WARN_INT_CONVERSION = YES;
				CLANG_WARN_OBJC_ROOT_CLASS = YES_ERROR;
				CLANG_WARN_UNREACHABLE_CODE = YES;
				CLANG_WARN__DUPLICATE_METHOD_MATCH = YES;
				"CODE_SIGN_IDENTITY[sdk=iphoneos*]" = "iPhone Developer";
				COPY_PHASE_STRIP = NO;
				ENABLE_STRICT_OBJC_MSGSEND = YES;
				GCC_C_LANGUAGE_STANDARD = gnu99;
				GCC_DYNAMIC_NO_PIC = NO;
				GCC_OPTIMIZATION_LEVEL = 0;
				GCC_PREPROCESSOR_DEFINITIONS = (
					"DEBUG=1",
					"$(inherited)",
				);
				GCC_SYMBOLS_PRIVATE_EXTERN = NO;
				GCC_WARN_64_TO_32_BIT_CONVERSION = YES;
				GCC_WARN_ABOUT_RETURN_TYPE = YES_ERROR;
				GCC_WARN_UNDECLARED_SELECTOR = YES;
				GCC_WARN_UNINITIALIZED_AUTOS = YES_AGGRESSIVE;
				GCC_WARN_UNUSED_FUNCTION = YES;
				GCC_WARN_UNUSED_VARIABLE = YES;
				IPHONEOS_DEPLOYMENT_TARGET = 8.1;
				MTL_ENABLE_DEBUG_INFO = YES;
				ONLY_ACTIVE_ARCH = YES;
				SDKROOT = iphoneos;
				TARGETED_DEVICE_FAMILY = "1,2";
			};
			name = Debug;
		};
		4575F52F1A0B7CCA00C923AF /* Release */ = {
			isa = XCBuildConfiguration;
			buildSettings = {
				ALWAYS_SEARCH_USER_PATHS = NO;
				CLANG_CXX_LANGUAGE_STANDARD = "gnu++0x";
				CLANG_CXX_LIBRARY = "libc++";
				CLANG_ENABLE_MODULES = YES;
				CLANG_ENABLE_OBJC_ARC = YES;
				CLANG_WARN_BOOL_CONVERSION = YES;
				CLANG_WARN_CONSTANT_CONVERSION = YES;
				CLANG_WARN_DIRECT_OBJC_ISA_USAGE = YES_ERROR;
				CLANG_WARN_EMPTY_BODY = YES;
				CLANG_WARN_ENUM_CONVERSION = YES;
				CLANG_WARN_INT_CONVERSION = YES;
				CLANG_WARN_OBJC_ROOT_CLASS = YES_ERROR;
				CLANG_WARN_UNREACHABLE_CODE = YES;
				CLANG_WARN__DUPLICATE_METHOD_MATCH = YES;
				"CODE_SIGN_IDENTITY[sdk=iphoneos*]" = "iPhone Developer";
				COPY_PHASE_STRIP = YES;
				ENABLE_NS_ASSERTIONS = NO;
				ENABLE_STRICT_OBJC_MSGSEND = YES;
				GCC_C_LANGUAGE_STANDARD = gnu99;
				GCC_WARN_64_TO_32_BIT_CONVERSION = YES;
				GCC_WARN_ABOUT_RETURN_TYPE = YES_ERROR;
				GCC_WARN_UNDECLARED_SELECTOR = YES;
				GCC_WARN_UNINITIALIZED_AUTOS = YES_AGGRESSIVE;
				GCC_WARN_UNUSED_FUNCTION = YES;
				GCC_WARN_UNUSED_VARIABLE = YES;
				IPHONEOS_DEPLOYMENT_TARGET = 8.1;
				MTL_ENABLE_DEBUG_INFO = NO;
				SDKROOT = iphoneos;
				TARGETED_DEVICE_FAMILY = "1,2";
				VALIDATE_PRODUCT = YES;
			};
			name = Release;
		};
		4575F5311A0B7CCA00C923AF /* Debug */ = {
			isa = XCBuildConfiguration;
			buildSettings = {
				ASSETCATALOG_COMPILER_APPICON_NAME = AppIcon;
				INFOPLIST_FILE = UIViewControllerDemo/Info.plist;
				LD_RUNPATH_SEARCH_PATHS = "$(inherited) @executable_path/Frameworks";
				PRODUCT_NAME = "$(TARGET_NAME)";
			};
			name = Debug;
		};
		4575F5321A0B7CCA00C923AF /* Release */ = {
			isa = XCBuildConfiguration;
			buildSettings = {
				ASSETCATALOG_COMPILER_APPICON_NAME = AppIcon;
				INFOPLIST_FILE = UIViewControllerDemo/Info.plist;
				LD_RUNPATH_SEARCH_PATHS = "$(inherited) @executable_path/Frameworks";
				PRODUCT_NAME = "$(TARGET_NAME)";
			};
			name = Release;
		};
		4575F5341A0B7CCA00C923AF /* Debug */ = {
			isa = XCBuildConfiguration;
			buildSettings = {
				BUNDLE_LOADER = "$(TEST_HOST)";
				FRAMEWORK_SEARCH_PATHS = (
					"$(SDKROOT)/Developer/Library/Frameworks",
					"$(inherited)",
				);
				GCC_PREPROCESSOR_DEFINITIONS = (
					"DEBUG=1",
					"$(inherited)",
				);
				INFOPLIST_FILE = UIViewControllerDemoTests/Info.plist;
				LD_RUNPATH_SEARCH_PATHS = "$(inherited) @executable_path/Frameworks @loader_path/Frameworks";
				PRODUCT_NAME = "$(TARGET_NAME)";
				TEST_HOST = "$(BUILT_PRODUCTS_DIR)/UIViewControllerDemo.app/UIViewControllerDemo";
			};
			name = Debug;
		};
		4575F5351A0B7CCA00C923AF /* Release */ = {
			isa = XCBuildConfiguration;
			buildSettings = {
				BUNDLE_LOADER = "$(TEST_HOST)";
				FRAMEWORK_SEARCH_PATHS = (
					"$(SDKROOT)/Developer/Library/Frameworks",
					"$(inherited)",
				);
				INFOPLIST_FILE = UIViewControllerDemoTests/Info.plist;
				LD_RUNPATH_SEARCH_PATHS = "$(inherited) @executable_path/Frameworks @loader_path/Frameworks";
				PRODUCT_NAME = "$(TARGET_NAME)";
				TEST_HOST = "$(BUILT_PRODUCTS_DIR)/UIViewControllerDemo.app/UIViewControllerDemo";
			};
			name = Release;
		};
/* End XCBuildConfiguration section */

/* Begin XCConfigurationList section */
		4575F5051A0B7CCA00C923AF /* Build configuration list for PBXProject "UIViewControllerDemo" */ = {
			isa = XCConfigurationList;
			buildConfigurations = (
				4575F52E1A0B7CCA00C923AF /* Debug */,
				4575F52F1A0B7CCA00C923AF /* Release */,
			);
			defaultConfigurationIsVisible = 0;
			defaultConfigurationName = Release;
		};
		4575F5301A0B7CCA00C923AF /* Build configuration list for PBXNativeTarget "UIViewControllerDemo" */ = {
			isa = XCConfigurationList;
			buildConfigurations = (
				4575F5311A0B7CCA00C923AF /* Debug */,
				4575F5321A0B7CCA00C923AF /* Release */,
			);
			defaultConfigurationIsVisible = 0;
		};
		4575F5331A0B7CCA00C923AF /* Build configuration list for PBXNativeTarget "UIViewControllerDemoTests" */ = {
			isa = XCConfigurationList;
			buildConfigurations = (
				4575F5341A0B7CCA00C923AF /* Debug */,
				4575F5351A0B7CCA00C923AF /* Release */,
			);
			defaultConfigurationIsVisible = 0;
		};
/* End XCConfigurationList section */
	};
	rootObject = 4575F5021A0B7CCA00C923AF /* Project object */;
}
